
Microsoft Visual Studio Solution File, Format Version 12.00
# Visual Studio Version 16
VisualStudioVersion = 16.0.29926.136
MinimumVisualStudioVersion = 10.0.40219.1
Project("{9A19103F-16F7-4668-BE54-9A1E7A4F7556}") = "BasketApi", "src\Basket\BasketApi.csproj", "{3A49BE49-F4B8-4D79-B0C2-05C0D6C23E76}"
EndProject
Project("{9A19103F-16F7-4668-BE54-9A1E7A4F7556}") = "OrderApi", "src\Order\OrderApi.csproj", "{9EEE9BE1-BEF7-416E-8CA2-96D85982BDB4}"
EndProject
Global
	GlobalSection(SolutionConfigurationPlatforms) = preSolution
		Debug|Any CPU = Debug|Any CPU
		Release|Any CPU = Release|Any CPU
	EndGlobalSection
	GlobalSection(ProjectConfigurationPlatforms) = postSolution
		{3A49BE49-F4B8-4D79-B0C2-05C0D6C23E76}.Debug|Any CPU.ActiveCfg = Debug|Any CPU
		{3A49BE49-F4B8-4D79-B0C2-05C0D6C23E76}.Debug|Any CPU.Build.0 = Debug|Any CPU
		{3A49BE49-F4B8-4D79-B0C2-05C0D6C23E76}.Release|Any CPU.ActiveCfg = Release|Any CPU
		{3A49BE49-F4B8-4D79-B0C2-05C0D6C23E76}.Release|Any CPU.Build.0 = Release|Any CPU
		{9EEE9BE1-BEF7-416E-8CA2-96D85982BDB4}.Debug|Any CPU.ActiveCfg = Debug|Any CPU
		{9EEE9BE1-BEF7-416E-8CA2-96D85982BDB4}.Debug|Any CPU.Build.0 = Debug|Any CPU
		{9EEE9BE1-BEF7-416E-8CA2-96D85982BDB4}.Release|Any CPU.ActiveCfg = Release|Any CPU
		{9EEE9BE1-BEF7-416E-8CA2-96D85982BDB4}.Release|Any CPU.Build.0 = Release|Any CPU
	EndGlobalSection
	GlobalSection(SolutionProperties) = preSolution
		HideSolutionNode = FALSE
	EndGlobalSection
	GlobalSection(ExtensibilityGlobals) = postSolution
		SolutionGuid = {BCAE39F3-77FB-43A8-8E0F-5ECE63E39991}
	EndGlobalSection
EndGlobal
