
Microsoft Visual Studio Solution File, Format Version 12.00
# Visual Studio Version 16
VisualStudioVersion = 16.0.29926.136
MinimumVisualStudioVersion = 10.0.40219.1
Project("{9A19103F-16F7-4668-BE54-9A1E7A4F7556}") = "BasketApi", "src\Basket\BasketApi.csproj", "{3A49BE49-F4B8-4D79-B0C2-05C0D6C23E76}"
EndProject
Project("{9A19103F-16F7-4668-BE54-9A1E7A4F7556}") = "OrderApi", "src\Order\OrderApi.csproj", "{9EEE9BE1-BEF7-416E-8CA2-96D85982BDB4}"
EndProject
Project("{9A19103F-16F7-4668-BE54-9A1E7A4F7556}") = "ProductApi", "src\Product\ProductApi.csproj", "{4992F113-AAE8-456B-B54A-3D68E9B7F236}"
EndProject
Project("{9A19103F-16F7-4668-BE54-9A1E7A4F7556}") = "ShippingApi", "src\Shipping\ShippingApi.csproj", "{E69FE0EE-947F-447F-9E2B-81CBFEF99F31}"
EndProject
Project("{9A19103F-16F7-4668-BE54-9A1E7A4F7556}") = "UserApi", "src\User\UserApi.csproj", "{1DC1F911-C669-4314-B6A5-860994561A7B}"
EndProject
Project("{9A19103F-16F7-4668-BE54-9A1E7A4F7556}") = "Qtyb.Common", "src\Common\Common\Qtyb.Common.csproj", "{A3AD0541-5F1A-43FE-A1F7-8A473FD9CA85}"
EndProject
Project("{FAE04EC0-301F-11D3-BF4B-00C04F79EFBC}") = "Gateway", "Gateway\Gateway.csproj", "{C693D9B1-30E5-4A76-8377-986F59534E74}"
EndProject
Global
	GlobalSection(SolutionConfigurationPlatforms) = preSolution
		Debug|Any CPU = Debug|Any CPU
		Release|Any CPU = Release|Any CPU
	EndGlobalSection
	GlobalSection(ProjectConfigurationPlatforms) = postSolution
		{3A49BE49-F4B8-4D79-B0C2-05C0D6C23E76}.Debug|Any CPU.ActiveCfg = Debug|Any CPU
		{3A49BE49-F4B8-4D79-B0C2-05C0D6C23E76}.Debug|Any CPU.Build.0 = Debug|Any CPU
		{3A49BE49-F4B8-4D79-B0C2-05C0D6C23E76}.Release|Any CPU.ActiveCfg = Release|Any CPU
		{3A49BE49-F4B8-4D79-B0C2-05C0D6C23E76}.Release|Any CPU.Build.0 = Release|Any CPU
		{9EEE9BE1-BEF7-416E-8CA2-96D85982BDB4}.Debug|Any CPU.ActiveCfg = Debug|Any CPU
		{9EEE9BE1-BEF7-416E-8CA2-96D85982BDB4}.Debug|Any CPU.Build.0 = Debug|Any CPU
		{9EEE9BE1-BEF7-416E-8CA2-96D85982BDB4}.Release|Any CPU.ActiveCfg = Release|Any CPU
		{9EEE9BE1-BEF7-416E-8CA2-96D85982BDB4}.Release|Any CPU.Build.0 = Release|Any CPU
		{4992F113-AAE8-456B-B54A-3D68E9B7F236}.Debug|Any CPU.ActiveCfg = Debug|Any CPU
		{4992F113-AAE8-456B-B54A-3D68E9B7F236}.Debug|Any CPU.Build.0 = Debug|Any CPU
		{4992F113-AAE8-456B-B54A-3D68E9B7F236}.Release|Any CPU.ActiveCfg = Release|Any CPU
		{4992F113-AAE8-456B-B54A-3D68E9B7F236}.Release|Any CPU.Build.0 = Release|Any CPU
		{E69FE0EE-947F-447F-9E2B-81CBFEF99F31}.Debug|Any CPU.ActiveCfg = Debug|Any CPU
		{E69FE0EE-947F-447F-9E2B-81CBFEF99F31}.Debug|Any CPU.Build.0 = Debug|Any CPU
		{E69FE0EE-947F-447F-9E2B-81CBFEF99F31}.Release|Any CPU.ActiveCfg = Release|Any CPU
		{E69FE0EE-947F-447F-9E2B-81CBFEF99F31}.Release|Any CPU.Build.0 = Release|Any CPU
		{1DC1F911-C669-4314-B6A5-860994561A7B}.Debug|Any CPU.ActiveCfg = Debug|Any CPU
		{1DC1F911-C669-4314-B6A5-860994561A7B}.Debug|Any CPU.Build.0 = Debug|Any CPU
		{1DC1F911-C669-4314-B6A5-860994561A7B}.Release|Any CPU.ActiveCfg = Release|Any CPU
		{1DC1F911-C669-4314-B6A5-860994561A7B}.Release|Any CPU.Build.0 = Release|Any CPU
		{A3AD0541-5F1A-43FE-A1F7-8A473FD9CA85}.Debug|Any CPU.ActiveCfg = Debug|Any CPU
		{A3AD0541-5F1A-43FE-A1F7-8A473FD9CA85}.Debug|Any CPU.Build.0 = Debug|Any CPU
		{A3AD0541-5F1A-43FE-A1F7-8A473FD9CA85}.Release|Any CPU.ActiveCfg = Release|Any CPU
		{A3AD0541-5F1A-43FE-A1F7-8A473FD9CA85}.Release|Any CPU.Build.0 = Release|Any CPU
		{C693D9B1-30E5-4A76-8377-986F59534E74}.Debug|Any CPU.ActiveCfg = Debug|Any CPU
		{C693D9B1-30E5-4A76-8377-986F59534E74}.Debug|Any CPU.Build.0 = Debug|Any CPU
		{C693D9B1-30E5-4A76-8377-986F59534E74}.Release|Any CPU.ActiveCfg = Release|Any CPU
		{C693D9B1-30E5-4A76-8377-986F59534E74}.Release|Any CPU.Build.0 = Release|Any CPU
	EndGlobalSection
	GlobalSection(SolutionProperties) = preSolution
		HideSolutionNode = FALSE
	EndGlobalSection
	GlobalSection(ExtensibilityGlobals) = postSolution
		SolutionGuid = {BCAE39F3-77FB-43A8-8E0F-5ECE63E39991}
	EndGlobalSection
EndGlobal
