
Microsoft Visual Studio Solution File, Format Version 12.00
# Visual Studio Version 16
VisualStudioVersion = 16.0.29926.136
MinimumVisualStudioVersion = 10.0.40219.1
Project("{FAE04EC0-301F-11D3-BF4B-00C04F79EFBC}") = "UserApi", "UserApi.csproj", "{0B202274-173E-4503-B783-DBD10D30ED9A}"
EndProject
Global
	GlobalSection(SolutionConfigurationPlatforms) = preSolution
		Debug|Any CPU = Debug|Any CPU
		Release|Any CPU = Release|Any CPU
	EndGlobalSection
	GlobalSection(ProjectConfigurationPlatforms) = postSolution
		{0B202274-173E-4503-B783-DBD10D30ED9A}.Debug|Any CPU.ActiveCfg = Debug|Any CPU
		{0B202274-173E-4503-B783-DBD10D30ED9A}.Debug|Any CPU.Build.0 = Debug|Any CPU
		{0B202274-173E-4503-B783-DBD10D30ED9A}.Release|Any CPU.ActiveCfg = Release|Any CPU
		{0B202274-173E-4503-B783-DBD10D30ED9A}.Release|Any CPU.Build.0 = Release|Any CPU
	EndGlobalSection
	GlobalSection(SolutionProperties) = preSolution
		HideSolutionNode = FALSE
	EndGlobalSection
	GlobalSection(ExtensibilityGlobals) = postSolution
		SolutionGuid = {21D0FEC8-84A4-49BE-88BC-61573CDD1AB2}
	EndGlobalSection
EndGlobal
